
Microsoft Visual Studio Solution File, Format Version 12.00
# Visual Studio Version 17
VisualStudioVersion = 17.8.34408.163
MinimumVisualStudioVersion = 10.0.40219.1
Project("{FAE04EC0-301F-11D3-BF4B-00C04F79EFBC}") = "api14232", "api14232\api14232.csproj", "{66A2CA08-3DB4-48F8-9715-769B3303B114}"
EndProject
Global
	GlobalSection(SolutionConfigurationPlatforms) = preSolution
		Debug|Any CPU = Debug|Any CPU
		Release|Any CPU = Release|Any CPU
	EndGlobalSection
	GlobalSection(ProjectConfigurationPlatforms) = postSolution
		{66A2CA08-3DB4-48F8-9715-769B3303B114}.Debug|Any CPU.ActiveCfg = Debug|Any CPU
		{66A2CA08-3DB4-48F8-9715-769B3303B114}.Debug|Any CPU.Build.0 = Debug|Any CPU
		{66A2CA08-3DB4-48F8-9715-769B3303B114}.Release|Any CPU.ActiveCfg = Release|Any CPU
		{66A2CA08-3DB4-48F8-9715-769B3303B114}.Release|Any CPU.Build.0 = Release|Any CPU
	EndGlobalSection
	GlobalSection(SolutionProperties) = preSolution
		HideSolutionNode = FALSE
	EndGlobalSection
	GlobalSection(ExtensibilityGlobals) = postSolution
		SolutionGuid = {94D3C265-7070-46D6-9D36-8052C4158B38}
	EndGlobalSection
EndGlobal
